
Microsoft Visual Studio Solution File, Format Version 12.00
# Visual Studio Version 16
VisualStudioVersion = 16.0.30128.74
MinimumVisualStudioVersion = 10.0.40219.1
Project("{FAE04EC0-301F-11D3-BF4B-00C04F79EFBC}") = "Task1", "Task1\Task1.csproj", "{15653B1C-94EF-4D26-8356-CE5595992DBD}"
EndProject
Global
	GlobalSection(SolutionConfigurationPlatforms) = preSolution
		Debug|Any CPU = Debug|Any CPU
		Release|Any CPU = Release|Any CPU
	EndGlobalSection
	GlobalSection(ProjectConfigurationPlatforms) = postSolution
		{15653B1C-94EF-4D26-8356-CE5595992DBD}.Debug|Any CPU.ActiveCfg = Debug|Any CPU
		{15653B1C-94EF-4D26-8356-CE5595992DBD}.Debug|Any CPU.Build.0 = Debug|Any CPU
		{15653B1C-94EF-4D26-8356-CE5595992DBD}.Release|Any CPU.ActiveCfg = Release|Any CPU
		{15653B1C-94EF-4D26-8356-CE5595992DBD}.Release|Any CPU.Build.0 = Release|Any CPU
	EndGlobalSection
	GlobalSection(SolutionProperties) = preSolution
		HideSolutionNode = FALSE
	EndGlobalSection
	GlobalSection(ExtensibilityGlobals) = postSolution
		SolutionGuid = {D855D74F-FC47-45CB-9702-9ED90E247E66}
	EndGlobalSection
EndGlobal
